
Microsoft Visual Studio Solution File, Format Version 12.00
# Visual Studio Version 17
VisualStudioVersion = 17.12.35707.178
MinimumVisualStudioVersion = 10.0.40219.1
Project("{FAE04EC0-301F-11D3-BF4B-00C04F79EFBC}") = "Ejercicio1", "Ejercicio1\Ejercicio1.csproj", "{C4440FA0-601E-45C0-8D22-F7A0A9165FDE}"
EndProject
Project("{FAE04EC0-301F-11D3-BF4B-00C04F79EFBC}") = "Ejercicio2", "Ejercicio2\Ejercicio2.csproj", "{0750EC1B-D2D4-4393-B10B-A2DDF4820985}"
EndProject
Project("{FAE04EC0-301F-11D3-BF4B-00C04F79EFBC}") = "Ejercicio3", "Ejercicio3\Ejercicio3.csproj", "{F77BB458-F5FA-4EB4-93ED-542AFC93DB42}"
EndProject
Project("{FAE04EC0-301F-11D3-BF4B-00C04F79EFBC}") = "Ejercicio4", "Ejercicio4\Ejercicio4.csproj", "{B0CCD1EF-C5A5-419C-ABDD-73FA79812A9A}"
EndProject
Global
	GlobalSection(SolutionConfigurationPlatforms) = preSolution
		Debug|Any CPU = Debug|Any CPU
		Release|Any CPU = Release|Any CPU
	EndGlobalSection
	GlobalSection(ProjectConfigurationPlatforms) = postSolution
		{C4440FA0-601E-45C0-8D22-F7A0A9165FDE}.Debug|Any CPU.ActiveCfg = Debug|Any CPU
		{C4440FA0-601E-45C0-8D22-F7A0A9165FDE}.Debug|Any CPU.Build.0 = Debug|Any CPU
		{C4440FA0-601E-45C0-8D22-F7A0A9165FDE}.Release|Any CPU.ActiveCfg = Release|Any CPU
		{C4440FA0-601E-45C0-8D22-F7A0A9165FDE}.Release|Any CPU.Build.0 = Release|Any CPU
		{0750EC1B-D2D4-4393-B10B-A2DDF4820985}.Debug|Any CPU.ActiveCfg = Debug|Any CPU
		{0750EC1B-D2D4-4393-B10B-A2DDF4820985}.Debug|Any CPU.Build.0 = Debug|Any CPU
		{0750EC1B-D2D4-4393-B10B-A2DDF4820985}.Release|Any CPU.ActiveCfg = Release|Any CPU
		{0750EC1B-D2D4-4393-B10B-A2DDF4820985}.Release|Any CPU.Build.0 = Release|Any CPU
		{F77BB458-F5FA-4EB4-93ED-542AFC93DB42}.Debug|Any CPU.ActiveCfg = Debug|Any CPU
		{F77BB458-F5FA-4EB4-93ED-542AFC93DB42}.Debug|Any CPU.Build.0 = Debug|Any CPU
		{F77BB458-F5FA-4EB4-93ED-542AFC93DB42}.Release|Any CPU.ActiveCfg = Release|Any CPU
		{F77BB458-F5FA-4EB4-93ED-542AFC93DB42}.Release|Any CPU.Build.0 = Release|Any CPU
		{B0CCD1EF-C5A5-419C-ABDD-73FA79812A9A}.Debug|Any CPU.ActiveCfg = Debug|Any CPU
		{B0CCD1EF-C5A5-419C-ABDD-73FA79812A9A}.Debug|Any CPU.Build.0 = Debug|Any CPU
		{B0CCD1EF-C5A5-419C-ABDD-73FA79812A9A}.Release|Any CPU.ActiveCfg = Release|Any CPU
		{B0CCD1EF-C5A5-419C-ABDD-73FA79812A9A}.Release|Any CPU.Build.0 = Release|Any CPU
	EndGlobalSection
	GlobalSection(SolutionProperties) = preSolution
		HideSolutionNode = FALSE
	EndGlobalSection
EndGlobal
